
Microsoft Visual Studio Solution File, Format Version 12.00
# Visual Studio Version 17
VisualStudioVersion = 17.5.33516.290
MinimumVisualStudioVersion = 10.0.40219.1
Project("{9A19103F-16F7-4668-BE54-9A1E7A4F7556}") = "First_App", "First_App\First_App.csproj", "{EEAB407F-585D-4B12-B068-58E249D214C3}"
EndProject
Global
	GlobalSection(SolutionConfigurationPlatforms) = preSolution
		Debug|Any CPU = Debug|Any CPU
		Release|Any CPU = Release|Any CPU
	EndGlobalSection
	GlobalSection(ProjectConfigurationPlatforms) = postSolution
		{EEAB407F-585D-4B12-B068-58E249D214C3}.Debug|Any CPU.ActiveCfg = Debug|Any CPU
		{EEAB407F-585D-4B12-B068-58E249D214C3}.Debug|Any CPU.Build.0 = Debug|Any CPU
		{EEAB407F-585D-4B12-B068-58E249D214C3}.Release|Any CPU.ActiveCfg = Release|Any CPU
		{EEAB407F-585D-4B12-B068-58E249D214C3}.Release|Any CPU.Build.0 = Release|Any CPU
	EndGlobalSection
	GlobalSection(SolutionProperties) = preSolution
		HideSolutionNode = FALSE
	EndGlobalSection
	GlobalSection(ExtensibilityGlobals) = postSolution
		SolutionGuid = {49B7D79B-75F2-4AC9-9786-95649B293E47}
	EndGlobalSection
EndGlobal
